// !$*UTF8*$!
{
	archiveVersion = 1;
	classes = {
	};
	objectVersion = 46;
	objects = {

/* Begin PBXBuildFile section */
		A4390DF41CC3C01100EF571D /* AppDelegate.swift in Sources */ = {isa = PBXBuildFile; fileRef = A4390DF31CC3C01100EF571D /* AppDelegate.swift */; };
		A4390DF61CC3C01100EF571D /* GameScene.sks in Resources */ = {isa = PBXBuildFile; fileRef = A4390DF51CC3C01100EF571D /* GameScene.sks */; };
		A4390DF81CC3C01100EF571D /* GameScene.swift in Sources */ = {isa = PBXBuildFile; fileRef = A4390DF71CC3C01100EF571D /* GameScene.swift */; };
		A4390DFA1CC3C01100EF571D /* GameViewController.swift in Sources */ = {isa = PBXBuildFile; fileRef = A4390DF91CC3C01100EF571D /* GameViewController.swift */; };
		A4390DFD1CC3C01100EF571D /* Main.storyboard in Resources */ = {isa = PBXBuildFile; fileRef = A4390DFB1CC3C01100EF571D /* Main.storyboard */; };
		A4390DFF1CC3C01100EF571D /* Assets.xcassets in Resources */ = {isa = PBXBuildFile; fileRef = A4390DFE1CC3C01100EF571D /* Assets.xcassets */; };
		A4390E021CC3C01100EF571D /* LaunchScreen.storyboard in Resources */ = {isa = PBXBuildFile; fileRef = A4390E001CC3C01100EF571D /* LaunchScreen.storyboard */; };
		A4390E0D1CC3C01100EF571D /* DropChargeTests.swift in Sources */ = {isa = PBXBuildFile; fileRef = A4390E0C1CC3C01100EF571D /* DropChargeTests.swift */; };
		A4390E191CC3C9FE00EF571D /* Platform5Across.sks in Resources */ = {isa = PBXBuildFile; fileRef = A4390E181CC3C9FE00EF571D /* Platform5Across.sks */; };
		A4390E1B1CC3D34500EF571D /* CoinArrow.sks in Resources */ = {isa = PBXBuildFile; fileRef = A4390E1A1CC3D34500EF571D /* CoinArrow.sks */; };
		A4390E291CC3D4D600EF571D /* CGFloat+Extensions.swift in Sources */ = {isa = PBXBuildFile; fileRef = A4390E1D1CC3D4D600EF571D /* CGFloat+Extensions.swift */; };
		A4390E2A1CC3D4D600EF571D /* CGPoint+Extensions.swift in Sources */ = {isa = PBXBuildFile; fileRef = A4390E1E1CC3D4D600EF571D /* CGPoint+Extensions.swift */; };
		A4390E2B1CC3D4D600EF571D /* CGVector+Extensions.swift in Sources */ = {isa = PBXBuildFile; fileRef = A4390E1F1CC3D4D600EF571D /* CGVector+Extensions.swift */; };
		A4390E2C1CC3D4D600EF571D /* Int+Extensions.swift in Sources */ = {isa = PBXBuildFile; fileRef = A4390E201CC3D4D600EF571D /* Int+Extensions.swift */; };
		A4390E2D1CC3D4D600EF571D /* SKAction+Extensions.swift in Sources */ = {isa = PBXBuildFile; fileRef = A4390E211CC3D4D600EF571D /* SKAction+Extensions.swift */; };
		A4390E2E1CC3D4D600EF571D /* SKAction+SpecialEffects.swift in Sources */ = {isa = PBXBuildFile; fileRef = A4390E221CC3D4D600EF571D /* SKAction+SpecialEffects.swift */; };
		A4390E2F1CC3D4D600EF571D /* SKColor+Extensions.swift in Sources */ = {isa = PBXBuildFile; fileRef = A4390E231CC3D4D600EF571D /* SKColor+Extensions.swift */; };
		A4390E301CC3D4D600EF571D /* SKNode+Extensions.swift in Sources */ = {isa = PBXBuildFile; fileRef = A4390E241CC3D4D600EF571D /* SKNode+Extensions.swift */; };
		A4390E311CC3D4D600EF571D /* SKTAudio.swift in Sources */ = {isa = PBXBuildFile; fileRef = A4390E251CC3D4D600EF571D /* SKTAudio.swift */; };
		A4390E321CC3D4D600EF571D /* SKTEffects.swift in Sources */ = {isa = PBXBuildFile; fileRef = A4390E261CC3D4D600EF571D /* SKTEffects.swift */; };
		A4390E331CC3D4D600EF571D /* SKTTimingFunctions.swift in Sources */ = {isa = PBXBuildFile; fileRef = A4390E271CC3D4D600EF571D /* SKTTimingFunctions.swift */; };
		A4390E341CC3D4D600EF571D /* Vector3.swift in Sources */ = {isa = PBXBuildFile; fileRef = A4390E281CC3D4D600EF571D /* Vector3.swift */; };
		A4390E361CC42B5800EF571D /* Break5Across.sks in Resources */ = {isa = PBXBuildFile; fileRef = A4390E351CC42B5800EF571D /* Break5Across.sks */; };
		A4390E381CC42D8F00EF571D /* CoinSArrow.sks in Resources */ = {isa = PBXBuildFile; fileRef = A4390E371CC42D8F00EF571D /* CoinSArrow.sks */; };
		A4390E3A1CC42E4900EF571D /* PlatformArrow.sks in Resources */ = {isa = PBXBuildFile; fileRef = A4390E391CC42E4900EF571D /* PlatformArrow.sks */; };
		A4390E3C1CC50E1000EF571D /* Coin5Across.sks in Resources */ = {isa = PBXBuildFile; fileRef = A4390E3B1CC50E1000EF571D /* Coin5Across.sks */; };
		A4390E3E1CC50ED700EF571D /* CoinS5Across.sks in Resources */ = {isa = PBXBuildFile; fileRef = A4390E3D1CC50ED700EF571D /* CoinS5Across.sks */; };
		A4390E401CC5106700EF571D /* BreakArrow.sks in Resources */ = {isa = PBXBuildFile; fileRef = A4390E3F1CC5106700EF571D /* BreakArrow.sks */; };
		A4390E471CC511E700EF571D /* BreakDiagonal.sks in Resources */ = {isa = PBXBuildFile; fileRef = A4390E411CC511E700EF571D /* BreakDiagonal.sks */; };
		A4390E481CC511E700EF571D /* CoinCross.sks in Resources */ = {isa = PBXBuildFile; fileRef = A4390E421CC511E700EF571D /* CoinCross.sks */; };
		A4390E491CC511E700EF571D /* CoinDiagonal.sks in Resources */ = {isa = PBXBuildFile; fileRef = A4390E431CC511E700EF571D /* CoinDiagonal.sks */; };
		A4390E4A1CC511E700EF571D /* CoinSCross.sks in Resources */ = {isa = PBXBuildFile; fileRef = A4390E441CC511E700EF571D /* CoinSCross.sks */; };
		A4390E4B1CC511E700EF571D /* CoinSDiagonal.sks in Resources */ = {isa = PBXBuildFile; fileRef = A4390E451CC511E700EF571D /* CoinSDiagonal.sks */; };
		A4390E4C1CC511E700EF571D /* PlatformDiagonal.sks in Resources */ = {isa = PBXBuildFile; fileRef = A4390E461CC511E700EF571D /* PlatformDiagonal.sks */; };
		A4390E4E1CC54FD700EF571D /* README.md in Sources */ = {isa = PBXBuildFile; fileRef = A4390E4D1CC54FD700EF571D /* README.md */; };
		A4390E501CC57C7D00EF571D /* GameKit.framework in Frameworks */ = {isa = PBXBuildFile; fileRef = A4390E4F1CC57C7D00EF571D /* GameKit.framework */; };
		A4390E521CC57CB900EF571D /* WaitingForTap.swift in Sources */ = {isa = PBXBuildFile; fileRef = A4390E511CC57CB900EF571D /* WaitingForTap.swift */; };
		A4390E541CC5822700EF571D /* WaitingForBomb.swift in Sources */ = {isa = PBXBuildFile; fileRef = A4390E531CC5822700EF571D /* WaitingForBomb.swift */; };
		A4390E561CC6113F00EF571D /* Playing.swift in Sources */ = {isa = PBXBuildFile; fileRef = A4390E551CC6113F00EF571D /* Playing.swift */; };
		A468D7641CC6194C00CAB795 /* GameOver.swift in Sources */ = {isa = PBXBuildFile; fileRef = A468D7631CC6194C00CAB795 /* GameOver.swift */; };
		A468D76C1CC61E2300CAB795 /* Dead.swift in Sources */ = {isa = PBXBuildFile; fileRef = A468D7671CC61E2300CAB795 /* Dead.swift */; };
		A468D76D1CC61E2300CAB795 /* Fall.swift in Sources */ = {isa = PBXBuildFile; fileRef = A468D7681CC61E2300CAB795 /* Fall.swift */; };
		A468D76E1CC61E2300CAB795 /* Idle.swift in Sources */ = {isa = PBXBuildFile; fileRef = A468D7691CC61E2300CAB795 /* Idle.swift */; };
		A468D76F1CC61E2300CAB795 /* Jump.swift in Sources */ = {isa = PBXBuildFile; fileRef = A468D76A1CC61E2300CAB795 /* Jump.swift */; };
		A468D7701CC61E2300CAB795 /* Lava.swift in Sources */ = {isa = PBXBuildFile; fileRef = A468D76B1CC61E2300CAB795 /* Lava.swift */; };
		A468D7751CC6549100CAB795 /* Lava.sks in Resources */ = {isa = PBXBuildFile; fileRef = A468D7731CC6549100CAB795 /* Lava.sks */; };
		A468D7761CC6549100CAB795 /* spark.png in Resources */ = {isa = PBXBuildFile; fileRef = A468D7741CC6549100CAB795 /* spark.png */; };
		A468D7781CC6583100CAB795 /* SmokeTrail.sks in Resources */ = {isa = PBXBuildFile; fileRef = A468D7771CC6583100CAB795 /* SmokeTrail.sks */; };
		A468D77A1CC65BBD00CAB795 /* CollectNormal.sks in Resources */ = {isa = PBXBuildFile; fileRef = A468D7791CC65BBD00CAB795 /* CollectNormal.sks */; };
		A468D77C1CC65D4B00CAB795 /* CollectSpecial.sks in Resources */ = {isa = PBXBuildFile; fileRef = A468D77B1CC65D4B00CAB795 /* CollectSpecial.sks */; };
		A468D77E1CC65F5900CAB795 /* BrokenPlatform.sks in Resources */ = {isa = PBXBuildFile; fileRef = A468D77D1CC65F5900CAB795 /* BrokenPlatform.sks */; };
		A468D7801CC664FF00CAB795 /* PlayerTrail.sks in Resources */ = {isa = PBXBuildFile; fileRef = A468D77F1CC664FF00CAB795 /* PlayerTrail.sks */; };
		A468D7941CC667AA00CAB795 /* alarm.wav in Resources */ = {isa = PBXBuildFile; fileRef = A468D7821CC667AA00CAB795 /* alarm.wav */; };
		A468D7951CC667AA00CAB795 /* attribution.txt in Resources */ = {isa = PBXBuildFile; fileRef = A468D7831CC667AA00CAB795 /* attribution.txt */; };
		A468D7961CC667AA00CAB795 /* bgMusic.mp3 in Resources */ = {isa = PBXBuildFile; fileRef = A468D7841CC667AA00CAB795 /* bgMusic.mp3 */; };
		A468D7971CC667AA00CAB795 /* bombDrop.wav in Resources */ = {isa = PBXBuildFile; fileRef = A468D7851CC667AA00CAB795 /* bombDrop.wav */; };
		A468D7981CC667AA00CAB795 /* boost.wav in Resources */ = {isa = PBXBuildFile; fileRef = A468D7861CC667AA00CAB795 /* boost.wav */; };
		A468D7991CC667AA00CAB795 /* brick.caf in Resources */ = {isa = PBXBuildFile; fileRef = A468D7871CC667AA00CAB795 /* brick.caf */; };
		A468D79A1CC667AA00CAB795 /* coin1.wav in Resources */ = {isa = PBXBuildFile; fileRef = A468D7881CC667AA00CAB795 /* coin1.wav */; };
		A468D79B1CC667AA00CAB795 /* coin4.wav in Resources */ = {isa = PBXBuildFile; fileRef = A468D7891CC667AA00CAB795 /* coin4.wav */; };
		A468D79C1CC667AA00CAB795 /* DrownFireBug.mp3 in Resources */ = {isa = PBXBuildFile; fileRef = A468D78A1CC667AA00CAB795 /* DrownFireBug.mp3 */; };
		A468D79D1CC667AA00CAB795 /* explosion1.wav in Resources */ = {isa = PBXBuildFile; fileRef = A468D78B1CC667AA00CAB795 /* explosion1.wav */; };
		A468D79E1CC667AA00CAB795 /* explosion2.wav in Resources */ = {isa = PBXBuildFile; fileRef = A468D78C1CC667AA00CAB795 /* explosion2.wav */; };
		A468D79F1CC667AA00CAB795 /* explosion3.wav in Resources */ = {isa = PBXBuildFile; fileRef = A468D78D1CC667AA00CAB795 /* explosion3.wav */; };
		A468D7A01CC667AA00CAB795 /* explosion4.wav in Resources */ = {isa = PBXBuildFile; fileRef = A468D78E1CC667AA00CAB795 /* explosion4.wav */; };
		A468D7A11CC667AA00CAB795 /* jump.wav in Resources */ = {isa = PBXBuildFile; fileRef = A468D78F1CC667AA00CAB795 /* jump.wav */; };
		A468D7A21CC667AA00CAB795 /* nitro.wav in Resources */ = {isa = PBXBuildFile; fileRef = A468D7901CC667AA00CAB795 /* nitro.wav */; };
		A468D7A31CC667AA00CAB795 /* player_die.wav in Resources */ = {isa = PBXBuildFile; fileRef = A468D7911CC667AA00CAB795 /* player_die.wav */; };
		A468D7A41CC667AA00CAB795 /* SpaceGame.caf in Resources */ = {isa = PBXBuildFile; fileRef = A468D7921CC667AA00CAB795 /* SpaceGame.caf */; };
		A468D7A51CC667AA00CAB795 /* tickTock.wav in Resources */ = {isa = PBXBuildFile; fileRef = A468D7931CC667AA00CAB795 /* tickTock.wav */; };
		A468D7A71CC6A91C00CAB795 /* Coin.sks in Resources */ = {isa = PBXBuildFile; fileRef = A468D7A61CC6A91C00CAB795 /* Coin.sks */; };
		A468D7A91CC6AAEE00CAB795 /* CoinSpecial.sks in Resources */ = {isa = PBXBuildFile; fileRef = A468D7A81CC6AAEE00CAB795 /* CoinSpecial.sks */; };
/* End PBXBuildFile section */

/* Begin PBXContainerItemProxy section */
		A4390E091CC3C01100EF571D /* PBXContainerItemProxy */ = {
			isa = PBXContainerItemProxy;
			containerPortal = A4390DE81CC3C01100EF571D /* Project object */;
			proxyType = 1;
			remoteGlobalIDString = A4390DEF1CC3C01100EF571D;
			remoteInfo = DropCharge;
		};
/* End PBXContainerItemProxy section */

/* Begin PBXFileReference section */
		A4390DF01CC3C01100EF571D /* DropCharge.app */ = {isa = PBXFileReference; explicitFileType = wrapper.application; includeInIndex = 0; path = DropCharge.app; sourceTree = BUILT_PRODUCTS_DIR; };
		A4390DF31CC3C01100EF571D /* AppDelegate.swift */ = {isa = PBXFileReference; lastKnownFileType = sourcecode.swift; path = AppDelegate.swift; sourceTree = "<group>"; };
		A4390DF51CC3C01100EF571D /* GameScene.sks */ = {isa = PBXFileReference; lastKnownFileType = file.sks; path = GameScene.sks; sourceTree = "<group>"; };
		A4390DF71CC3C01100EF571D /* GameScene.swift */ = {isa = PBXFileReference; lastKnownFileType = sourcecode.swift; path = GameScene.swift; sourceTree = "<group>"; };
		A4390DF91CC3C01100EF571D /* GameViewController.swift */ = {isa = PBXFileReference; lastKnownFileType = sourcecode.swift; path = GameViewController.swift; sourceTree = "<group>"; };
		A4390DFC1CC3C01100EF571D /* Base */ = {isa = PBXFileReference; lastKnownFileType = file.storyboard; name = Base; path = Base.lproj/Main.storyboard; sourceTree = "<group>"; };
		A4390DFE1CC3C01100EF571D /* Assets.xcassets */ = {isa = PBXFileReference; lastKnownFileType = folder.assetcatalog; path = Assets.xcassets; sourceTree = "<group>"; };
		A4390E011CC3C01100EF571D /* Base */ = {isa = PBXFileReference; lastKnownFileType = file.storyboard; name = Base; path = Base.lproj/LaunchScreen.storyboard; sourceTree = "<group>"; };
		A4390E031CC3C01100EF571D /* Info.plist */ = {isa = PBXFileReference; lastKnownFileType = text.plist.xml; path = Info.plist; sourceTree = "<group>"; };
		A4390E081CC3C01100EF571D /* DropChargeTests.xctest */ = {isa = PBXFileReference; explicitFileType = wrapper.cfbundle; includeInIndex = 0; path = DropChargeTests.xctest; sourceTree = BUILT_PRODUCTS_DIR; };
		A4390E0C1CC3C01100EF571D /* DropChargeTests.swift */ = {isa = PBXFileReference; lastKnownFileType = sourcecode.swift; path = DropChargeTests.swift; sourceTree = "<group>"; };
		A4390E0E1CC3C01100EF571D /* Info.plist */ = {isa = PBXFileReference; lastKnownFileType = text.plist.xml; path = Info.plist; sourceTree = "<group>"; };
		A4390E181CC3C9FE00EF571D /* Platform5Across.sks */ = {isa = PBXFileReference; lastKnownFileType = file.sks; path = Platform5Across.sks; sourceTree = "<group>"; };
		A4390E1A1CC3D34500EF571D /* CoinArrow.sks */ = {isa = PBXFileReference; lastKnownFileType = file.sks; path = CoinArrow.sks; sourceTree = "<group>"; };
		A4390E1D1CC3D4D600EF571D /* CGFloat+Extensions.swift */ = {isa = PBXFileReference; fileEncoding = 4; lastKnownFileType = sourcecode.swift; path = "CGFloat+Extensions.swift"; sourceTree = "<group>"; };
		A4390E1E1CC3D4D600EF571D /* CGPoint+Extensions.swift */ = {isa = PBXFileReference; fileEncoding = 4; lastKnownFileType = sourcecode.swift; path = "CGPoint+Extensions.swift"; sourceTree = "<group>"; };
		A4390E1F1CC3D4D600EF571D /* CGVector+Extensions.swift */ = {isa = PBXFileReference; fileEncoding = 4; lastKnownFileType = sourcecode.swift; path = "CGVector+Extensions.swift"; sourceTree = "<group>"; };
		A4390E201CC3D4D600EF571D /* Int+Extensions.swift */ = {isa = PBXFileReference; fileEncoding = 4; lastKnownFileType = sourcecode.swift; path = "Int+Extensions.swift"; sourceTree = "<group>"; };
		A4390E211CC3D4D600EF571D /* SKAction+Extensions.swift */ = {isa = PBXFileReference; fileEncoding = 4; lastKnownFileType = sourcecode.swift; path = "SKAction+Extensions.swift"; sourceTree = "<group>"; };
		A4390E221CC3D4D600EF571D /* SKAction+SpecialEffects.swift */ = {isa = PBXFileReference; fileEncoding = 4; lastKnownFileType = sourcecode.swift; path = "SKAction+SpecialEffects.swift"; sourceTree = "<group>"; };
		A4390E231CC3D4D600EF571D /* SKColor+Extensions.swift */ = {isa = PBXFileReference; fileEncoding = 4; lastKnownFileType = sourcecode.swift; path = "SKColor+Extensions.swift"; sourceTree = "<group>"; };
		A4390E241CC3D4D600EF571D /* SKNode+Extensions.swift */ = {isa = PBXFileReference; fileEncoding = 4; lastKnownFileType = sourcecode.swift; path = "SKNode+Extensions.swift"; sourceTree = "<group>"; };
		A4390E251CC3D4D600EF571D /* SKTAudio.swift */ = {isa = PBXFileReference; fileEncoding = 4; lastKnownFileType = sourcecode.swift; path = SKTAudio.swift; sourceTree = "<group>"; };
		A4390E261CC3D4D600EF571D /* SKTEffects.swift */ = {isa = PBXFileReference; fileEncoding = 4; lastKnownFileType = sourcecode.swift; path = SKTEffects.swift; sourceTree = "<group>"; };
		A4390E271CC3D4D600EF571D /* SKTTimingFunctions.swift */ = {isa = PBXFileReference; fileEncoding = 4; lastKnownFileType = sourcecode.swift; path = SKTTimingFunctions.swift; sourceTree = "<group>"; };
		A4390E281CC3D4D600EF571D /* Vector3.swift */ = {isa = PBXFileReference; fileEncoding = 4; lastKnownFileType = sourcecode.swift; path = Vector3.swift; sourceTree = "<group>"; };
		A4390E351CC42B5800EF571D /* Break5Across.sks */ = {isa = PBXFileReference; lastKnownFileType = file.sks; path = Break5Across.sks; sourceTree = "<group>"; };
		A4390E371CC42D8F00EF571D /* CoinSArrow.sks */ = {isa = PBXFileReference; lastKnownFileType = file.sks; path = CoinSArrow.sks; sourceTree = "<group>"; };
		A4390E391CC42E4900EF571D /* PlatformArrow.sks */ = {isa = PBXFileReference; lastKnownFileType = file.sks; path = PlatformArrow.sks; sourceTree = "<group>"; };
		A4390E3B1CC50E1000EF571D /* Coin5Across.sks */ = {isa = PBXFileReference; lastKnownFileType = file.sks; path = Coin5Across.sks; sourceTree = "<group>"; };
		A4390E3D1CC50ED700EF571D /* CoinS5Across.sks */ = {isa = PBXFileReference; lastKnownFileType = file.sks; path = CoinS5Across.sks; sourceTree = "<group>"; };
		A4390E3F1CC5106700EF571D /* BreakArrow.sks */ = {isa = PBXFileReference; lastKnownFileType = file.sks; path = BreakArrow.sks; sourceTree = "<group>"; };
		A4390E411CC511E700EF571D /* BreakDiagonal.sks */ = {isa = PBXFileReference; lastKnownFileType = file.sks; path = BreakDiagonal.sks; sourceTree = "<group>"; };
		A4390E421CC511E700EF571D /* CoinCross.sks */ = {isa = PBXFileReference; lastKnownFileType = file.sks; path = CoinCross.sks; sourceTree = "<group>"; };
		A4390E431CC511E700EF571D /* CoinDiagonal.sks */ = {isa = PBXFileReference; lastKnownFileType = file.sks; path = CoinDiagonal.sks; sourceTree = "<group>"; };
		A4390E441CC511E700EF571D /* CoinSCross.sks */ = {isa = PBXFileReference; lastKnownFileType = file.sks; path = CoinSCross.sks; sourceTree = "<group>"; };
		A4390E451CC511E700EF571D /* CoinSDiagonal.sks */ = {isa = PBXFileReference; lastKnownFileType = file.sks; path = CoinSDiagonal.sks; sourceTree = "<group>"; };
		A4390E461CC511E700EF571D /* PlatformDiagonal.sks */ = {isa = PBXFileReference; lastKnownFileType = file.sks; path = PlatformDiagonal.sks; sourceTree = "<group>"; };
		A4390E4D1CC54FD700EF571D /* README.md */ = {isa = PBXFileReference; fileEncoding = 4; lastKnownFileType = net.daringfireball.markdown; path = README.md; sourceTree = "<group>"; };
		A4390E4F1CC57C7D00EF571D /* GameKit.framework */ = {isa = PBXFileReference; lastKnownFileType = wrapper.framework; name = GameKit.framework; path = System/Library/Frameworks/GameKit.framework; sourceTree = SDKROOT; };
		A4390E511CC57CB900EF571D /* WaitingForTap.swift */ = {isa = PBXFileReference; fileEncoding = 4; lastKnownFileType = sourcecode.swift; path = WaitingForTap.swift; sourceTree = "<group>"; };
		A4390E531CC5822700EF571D /* WaitingForBomb.swift */ = {isa = PBXFileReference; fileEncoding = 4; lastKnownFileType = sourcecode.swift; path = WaitingForBomb.swift; sourceTree = "<group>"; };
		A4390E551CC6113F00EF571D /* Playing.swift */ = {isa = PBXFileReference; fileEncoding = 4; lastKnownFileType = sourcecode.swift; path = Playing.swift; sourceTree = "<group>"; };
		A468D7631CC6194C00CAB795 /* GameOver.swift */ = {isa = PBXFileReference; fileEncoding = 4; lastKnownFileType = sourcecode.swift; path = GameOver.swift; sourceTree = "<group>"; };
		A468D7671CC61E2300CAB795 /* Dead.swift */ = {isa = PBXFileReference; fileEncoding = 4; lastKnownFileType = sourcecode.swift; path = Dead.swift; sourceTree = "<group>"; };
		A468D7681CC61E2300CAB795 /* Fall.swift */ = {isa = PBXFileReference; fileEncoding = 4; lastKnownFileType = sourcecode.swift; path = Fall.swift; sourceTree = "<group>"; };
		A468D7691CC61E2300CAB795 /* Idle.swift */ = {isa = PBXFileReference; fileEncoding = 4; lastKnownFileType = sourcecode.swift; path = Idle.swift; sourceTree = "<group>"; };
		A468D76A1CC61E2300CAB795 /* Jump.swift */ = {isa = PBXFileReference; fileEncoding = 4; lastKnownFileType = sourcecode.swift; path = Jump.swift; sourceTree = "<group>"; };
		A468D76B1CC61E2300CAB795 /* Lava.swift */ = {isa = PBXFileReference; fileEncoding = 4; lastKnownFileType = sourcecode.swift; path = Lava.swift; sourceTree = "<group>"; };
		A468D7731CC6549100CAB795 /* Lava.sks */ = {isa = PBXFileReference; lastKnownFileType = file.sks; path = Lava.sks; sourceTree = "<group>"; };
		A468D7741CC6549100CAB795 /* spark.png */ = {isa = PBXFileReference; lastKnownFileType = image.png; path = spark.png; sourceTree = "<group>"; };
		A468D7771CC6583100CAB795 /* SmokeTrail.sks */ = {isa = PBXFileReference; lastKnownFileType = file.sks; path = SmokeTrail.sks; sourceTree = "<group>"; };
		A468D7791CC65BBD00CAB795 /* CollectNormal.sks */ = {isa = PBXFileReference; lastKnownFileType = file.sks; path = CollectNormal.sks; sourceTree = "<group>"; };
		A468D77B1CC65D4B00CAB795 /* CollectSpecial.sks */ = {isa = PBXFileReference; lastKnownFileType = file.sks; path = CollectSpecial.sks; sourceTree = "<group>"; };
		A468D77D1CC65F5900CAB795 /* BrokenPlatform.sks */ = {isa = PBXFileReference; lastKnownFileType = file.sks; path = BrokenPlatform.sks; sourceTree = "<group>"; };
		A468D77F1CC664FF00CAB795 /* PlayerTrail.sks */ = {isa = PBXFileReference; lastKnownFileType = file.sks; path = PlayerTrail.sks; sourceTree = "<group>"; };
		A468D7821CC667AA00CAB795 /* alarm.wav */ = {isa = PBXFileReference; lastKnownFileType = audio.wav; path = alarm.wav; sourceTree = "<group>"; };
		A468D7831CC667AA00CAB795 /* attribution.txt */ = {isa = PBXFileReference; fileEncoding = 4; lastKnownFileType = text; path = attribution.txt; sourceTree = "<group>"; };
		A468D7841CC667AA00CAB795 /* bgMusic.mp3 */ = {isa = PBXFileReference; lastKnownFileType = audio.mp3; path = bgMusic.mp3; sourceTree = "<group>"; };
		A468D7851CC667AA00CAB795 /* bombDrop.wav */ = {isa = PBXFileReference; lastKnownFileType = audio.wav; path = bombDrop.wav; sourceTree = "<group>"; };
		A468D7861CC667AA00CAB795 /* boost.wav */ = {isa = PBXFileReference; lastKnownFileType = audio.wav; path = boost.wav; sourceTree = "<group>"; };
		A468D7871CC667AA00CAB795 /* brick.caf */ = {isa = PBXFileReference; lastKnownFileType = file; path = brick.caf; sourceTree = "<group>"; };
		A468D7881CC667AA00CAB795 /* coin1.wav */ = {isa = PBXFileReference; lastKnownFileType = audio.wav; path = coin1.wav; sourceTree = "<group>"; };
		A468D7891CC667AA00CAB795 /* coin4.wav */ = {isa = PBXFileReference; lastKnownFileType = audio.wav; path = coin4.wav; sourceTree = "<group>"; };
		A468D78A1CC667AA00CAB795 /* DrownFireBug.mp3 */ = {isa = PBXFileReference; lastKnownFileType = audio.mp3; path = DrownFireBug.mp3; sourceTree = "<group>"; };
		A468D78B1CC667AA00CAB795 /* explosion1.wav */ = {isa = PBXFileReference; lastKnownFileType = audio.wav; path = explosion1.wav; sourceTree = "<group>"; };
		A468D78C1CC667AA00CAB795 /* explosion2.wav */ = {isa = PBXFileReference; lastKnownFileType = audio.wav; path = explosion2.wav; sourceTree = "<group>"; };
		A468D78D1CC667AA00CAB795 /* explosion3.wav */ = {isa = PBXFileReference; lastKnownFileType = audio.wav; path = explosion3.wav; sourceTree = "<group>"; };
		A468D78E1CC667AA00CAB795 /* explosion4.wav */ = {isa = PBXFileReference; lastKnownFileType = audio.wav; path = explosion4.wav; sourceTree = "<group>"; };
		A468D78F1CC667AA00CAB795 /* jump.wav */ = {isa = PBXFileReference; lastKnownFileType = audio.wav; path = jump.wav; sourceTree = "<group>"; };
		A468D7901CC667AA00CAB795 /* nitro.wav */ = {isa = PBXFileReference; lastKnownFileType = audio.wav; path = nitro.wav; sourceTree = "<group>"; };
		A468D7911CC667AA00CAB795 /* player_die.wav */ = {isa = PBXFileReference; lastKnownFileType = audio.wav; path = player_die.wav; sourceTree = "<group>"; };
		A468D7921CC667AA00CAB795 /* SpaceGame.caf */ = {isa = PBXFileReference; lastKnownFileType = file; path = SpaceGame.caf; sourceTree = "<group>"; };
		A468D7931CC667AA00CAB795 /* tickTock.wav */ = {isa = PBXFileReference; lastKnownFileType = audio.wav; path = tickTock.wav; sourceTree = "<group>"; };
		A468D7A61CC6A91C00CAB795 /* Coin.sks */ = {isa = PBXFileReference; lastKnownFileType = file.sks; path = Coin.sks; sourceTree = "<group>"; };
		A468D7A81CC6AAEE00CAB795 /* CoinSpecial.sks */ = {isa = PBXFileReference; lastKnownFileType = file.sks; path = CoinSpecial.sks; sourceTree = "<group>"; };
/* End PBXFileReference section */

/* Begin PBXFrameworksBuildPhase section */
		A4390DED1CC3C01100EF571D /* Frameworks */ = {
			isa = PBXFrameworksBuildPhase;
			buildActionMask = 2147483647;
			files = (
				A4390E501CC57C7D00EF571D /* GameKit.framework in Frameworks */,
			);
			runOnlyForDeploymentPostprocessing = 0;
		};
		A4390E051CC3C01100EF571D /* Frameworks */ = {
			isa = PBXFrameworksBuildPhase;
			buildActionMask = 2147483647;
			files = (
			);
			runOnlyForDeploymentPostprocessing = 0;
		};
/* End PBXFrameworksBuildPhase section */

/* Begin PBXGroup section */
		A4390DE71CC3C01100EF571D = {
			isa = PBXGroup;
			children = (
				A4390E4F1CC57C7D00EF571D /* GameKit.framework */,
				A4390E4D1CC54FD700EF571D /* README.md */,
				A4390DF21CC3C01100EF571D /* DropCharge */,
				A4390E0B1CC3C01100EF571D /* DropChargeTests */,
				A4390DF11CC3C01100EF571D /* Products */,
			);
			sourceTree = "<group>";
		};
		A4390DF11CC3C01100EF571D /* Products */ = {
			isa = PBXGroup;
			children = (
				A4390DF01CC3C01100EF571D /* DropCharge.app */,
				A4390E081CC3C01100EF571D /* DropChargeTests.xctest */,
			);
			name = Products;
			sourceTree = "<group>";
		};
		A4390DF21CC3C01100EF571D /* DropCharge */ = {
			isa = PBXGroup;
			children = (
				A4390DF71CC3C01100EF571D /* GameScene.swift */,
				A4390E1C1CC3D4D600EF571D /* SKTUtils */,
				A4390E171CC3C9B100EF571D /* Scene Files */,
				A468D7651CC61B1500CAB795 /* StateMachines */,
				A468D7721CC6544400CAB795 /* Particles */,
				A468D7811CC667AA00CAB795 /* Sounds */,
				A4390DF31CC3C01100EF571D /* AppDelegate.swift */,
				A4390DF51CC3C01100EF571D /* GameScene.sks */,
				A4390DF91CC3C01100EF571D /* GameViewController.swift */,
				A4390DFB1CC3C01100EF571D /* Main.storyboard */,
				A4390DFE1CC3C01100EF571D /* Assets.xcassets */,
				A4390E001CC3C01100EF571D /* LaunchScreen.storyboard */,
				A4390E031CC3C01100EF571D /* Info.plist */,
			);
			path = DropCharge;
			sourceTree = "<group>";
		};
		A4390E0B1CC3C01100EF571D /* DropChargeTests */ = {
			isa = PBXGroup;
			children = (
				A4390E0C1CC3C01100EF571D /* DropChargeTests.swift */,
				A4390E0E1CC3C01100EF571D /* Info.plist */,
			);
			path = DropChargeTests;
			sourceTree = "<group>";
		};
		A4390E171CC3C9B100EF571D /* Scene Files */ = {
			isa = PBXGroup;
			children = (
				A4390E1A1CC3D34500EF571D /* CoinArrow.sks */,
				A4390E371CC42D8F00EF571D /* CoinSArrow.sks */,
				A4390E391CC42E4900EF571D /* PlatformArrow.sks */,
				A4390E3F1CC5106700EF571D /* BreakArrow.sks */,
				A4390E3B1CC50E1000EF571D /* Coin5Across.sks */,
				A4390E3D1CC50ED700EF571D /* CoinS5Across.sks */,
				A4390E181CC3C9FE00EF571D /* Platform5Across.sks */,
				A4390E351CC42B5800EF571D /* Break5Across.sks */,
				A4390E431CC511E700EF571D /* CoinDiagonal.sks */,
				A4390E451CC511E700EF571D /* CoinSDiagonal.sks */,
				A4390E461CC511E700EF571D /* PlatformDiagonal.sks */,
				A4390E411CC511E700EF571D /* BreakDiagonal.sks */,
				A4390E421CC511E700EF571D /* CoinCross.sks */,
				A4390E441CC511E700EF571D /* CoinSCross.sks */,
				A468D7A61CC6A91C00CAB795 /* Coin.sks */,
				A468D7A81CC6AAEE00CAB795 /* CoinSpecial.sks */,
			);
			name = "Scene Files";
			sourceTree = "<group>";
		};
		A4390E1C1CC3D4D600EF571D /* SKTUtils */ = {
			isa = PBXGroup;
			children = (
				A4390E1D1CC3D4D600EF571D /* CGFloat+Extensions.swift */,
				A4390E1E1CC3D4D600EF571D /* CGPoint+Extensions.swift */,
				A4390E1F1CC3D4D600EF571D /* CGVector+Extensions.swift */,
				A4390E201CC3D4D600EF571D /* Int+Extensions.swift */,
				A4390E211CC3D4D600EF571D /* SKAction+Extensions.swift */,
				A4390E221CC3D4D600EF571D /* SKAction+SpecialEffects.swift */,
				A4390E231CC3D4D600EF571D /* SKColor+Extensions.swift */,
				A4390E241CC3D4D600EF571D /* SKNode+Extensions.swift */,
				A4390E251CC3D4D600EF571D /* SKTAudio.swift */,
				A4390E261CC3D4D600EF571D /* SKTEffects.swift */,
				A4390E271CC3D4D600EF571D /* SKTTimingFunctions.swift */,
				A4390E281CC3D4D600EF571D /* Vector3.swift */,
			);
			path = SKTUtils;
			sourceTree = "<group>";
		};
		A468D7651CC61B1500CAB795 /* StateMachines */ = {
			isa = PBXGroup;
			children = (
				A468D7711CC61E2A00CAB795 /* Player */,
				A468D7661CC61B2B00CAB795 /* Game */,
			);
			name = StateMachines;
			sourceTree = "<group>";
		};
		A468D7661CC61B2B00CAB795 /* Game */ = {
			isa = PBXGroup;
			children = (
				A4390E511CC57CB900EF571D /* WaitingForTap.swift */,
				A4390E531CC5822700EF571D /* WaitingForBomb.swift */,
				A4390E551CC6113F00EF571D /* Playing.swift */,
				A468D7631CC6194C00CAB795 /* GameOver.swift */,
			);
			name = Game;
			sourceTree = "<group>";
		};
		A468D7711CC61E2A00CAB795 /* Player */ = {
			isa = PBXGroup;
			children = (
				A468D7691CC61E2300CAB795 /* Idle.swift */,
				A468D76A1CC61E2300CAB795 /* Jump.swift */,
				A468D7681CC61E2300CAB795 /* Fall.swift */,
				A468D76B1CC61E2300CAB795 /* Lava.swift */,
				A468D7671CC61E2300CAB795 /* Dead.swift */,
			);
			name = Player;
			sourceTree = "<group>";
		};
		A468D7721CC6544400CAB795 /* Particles */ = {
			isa = PBXGroup;
			children = (
				A468D77F1CC664FF00CAB795 /* PlayerTrail.sks */,
				A468D77B1CC65D4B00CAB795 /* CollectSpecial.sks */,
				A468D7731CC6549100CAB795 /* Lava.sks */,
				A468D7741CC6549100CAB795 /* spark.png */,
				A468D7771CC6583100CAB795 /* SmokeTrail.sks */,
				A468D7791CC65BBD00CAB795 /* CollectNormal.sks */,
				A468D77D1CC65F5900CAB795 /* BrokenPlatform.sks */,
			);
			name = Particles;
			sourceTree = "<group>";
		};
		A468D7811CC667AA00CAB795 /* Sounds */ = {
			isa = PBXGroup;
			children = (
				A468D7821CC667AA00CAB795 /* alarm.wav */,
				A468D7831CC667AA00CAB795 /* attribution.txt */,
				A468D7841CC667AA00CAB795 /* bgMusic.mp3 */,
				A468D7851CC667AA00CAB795 /* bombDrop.wav */,
				A468D7861CC667AA00CAB795 /* boost.wav */,
				A468D7871CC667AA00CAB795 /* brick.caf */,
				A468D7881CC667AA00CAB795 /* coin1.wav */,
				A468D7891CC667AA00CAB795 /* coin4.wav */,
				A468D78A1CC667AA00CAB795 /* DrownFireBug.mp3 */,
				A468D78B1CC667AA00CAB795 /* explosion1.wav */,
				A468D78C1CC667AA00CAB795 /* explosion2.wav */,
				A468D78D1CC667AA00CAB795 /* explosion3.wav */,
				A468D78E1CC667AA00CAB795 /* explosion4.wav */,
				A468D78F1CC667AA00CAB795 /* jump.wav */,
				A468D7901CC667AA00CAB795 /* nitro.wav */,
				A468D7911CC667AA00CAB795 /* player_die.wav */,
				A468D7921CC667AA00CAB795 /* SpaceGame.caf */,
				A468D7931CC667AA00CAB795 /* tickTock.wav */,
			);
			name = Sounds;
			path = sounds;
			sourceTree = "<group>";
		};
/* End PBXGroup section */

/* Begin PBXNativeTarget section */
		A4390DEF1CC3C01100EF571D /* DropCharge */ = {
			isa = PBXNativeTarget;
			buildConfigurationList = A4390E111CC3C01100EF571D /* Build configuration list for PBXNativeTarget "DropCharge" */;
			buildPhases = (
				A4390DEC1CC3C01100EF571D /* Sources */,
				A4390DED1CC3C01100EF571D /* Frameworks */,
				A4390DEE1CC3C01100EF571D /* Resources */,
			);
			buildRules = (
			);
			dependencies = (
			);
			name = DropCharge;
			productName = DropCharge;
			productReference = A4390DF01CC3C01100EF571D /* DropCharge.app */;
			productType = "com.apple.product-type.application";
		};
		A4390E071CC3C01100EF571D /* DropChargeTests */ = {
			isa = PBXNativeTarget;
			buildConfigurationList = A4390E141CC3C01100EF571D /* Build configuration list for PBXNativeTarget "DropChargeTests" */;
			buildPhases = (
				A4390E041CC3C01100EF571D /* Sources */,
				A4390E051CC3C01100EF571D /* Frameworks */,
				A4390E061CC3C01100EF571D /* Resources */,
			);
			buildRules = (
			);
			dependencies = (
				A4390E0A1CC3C01100EF571D /* PBXTargetDependency */,
			);
			name = DropChargeTests;
			productName = DropChargeTests;
			productReference = A4390E081CC3C01100EF571D /* DropChargeTests.xctest */;
			productType = "com.apple.product-type.bundle.unit-test";
		};
/* End PBXNativeTarget section */

/* Begin PBXProject section */
		A4390DE81CC3C01100EF571D /* Project object */ = {
			isa = PBXProject;
			attributes = {
				LastSwiftUpdateCheck = 0730;
				LastUpgradeCheck = 0730;
				ORGANIZATIONNAME = "Anko Top";
				TargetAttributes = {
					A4390DEF1CC3C01100EF571D = {
						CreatedOnToolsVersion = 7.3;
						DevelopmentTeam = 42QKD5MP86;
						SystemCapabilities = {
							com.apple.GameCenter = {
								enabled = 1;
							};
						};
					};
					A4390E071CC3C01100EF571D = {
						CreatedOnToolsVersion = 7.3;
						TestTargetID = A4390DEF1CC3C01100EF571D;
					};
				};
			};
			buildConfigurationList = A4390DEB1CC3C01100EF571D /* Build configuration list for PBXProject "DropCharge" */;
			compatibilityVersion = "Xcode 3.2";
			developmentRegion = English;
			hasScannedForEncodings = 0;
			knownRegions = (
				en,
				Base,
			);
			mainGroup = A4390DE71CC3C01100EF571D;
			productRefGroup = A4390DF11CC3C01100EF571D /* Products */;
			projectDirPath = "";
			projectRoot = "";
			targets = (
				A4390DEF1CC3C01100EF571D /* DropCharge */,
				A4390E071CC3C01100EF571D /* DropChargeTests */,
			);
		};
/* End PBXProject section */

/* Begin PBXResourcesBuildPhase section */
		A4390DEE1CC3C01100EF571D /* Resources */ = {
			isa = PBXResourcesBuildPhase;
			buildActionMask = 2147483647;
			files = (
				A468D7A11CC667AA00CAB795 /* jump.wav in Resources */,
				A4390E191CC3C9FE00EF571D /* Platform5Across.sks in Resources */,
				A468D77A1CC65BBD00CAB795 /* CollectNormal.sks in Resources */,
				A468D7981CC667AA00CAB795 /* boost.wav in Resources */,
				A468D7A01CC667AA00CAB795 /* explosion4.wav in Resources */,
				A468D79B1CC667AA00CAB795 /* coin4.wav in Resources */,
				A4390E4B1CC511E700EF571D /* CoinSDiagonal.sks in Resources */,
				A468D7A51CC667AA00CAB795 /* tickTock.wav in Resources */,
				A468D7A71CC6A91C00CAB795 /* Coin.sks in Resources */,
				A468D79E1CC667AA00CAB795 /* explosion2.wav in Resources */,
				A4390DF61CC3C01100EF571D /* GameScene.sks in Resources */,
				A468D7A21CC667AA00CAB795 /* nitro.wav in Resources */,
				A468D7801CC664FF00CAB795 /* PlayerTrail.sks in Resources */,
				A468D79F1CC667AA00CAB795 /* explosion3.wav in Resources */,
				A4390E471CC511E700EF571D /* BreakDiagonal.sks in Resources */,
				A4390E4A1CC511E700EF571D /* CoinSCross.sks in Resources */,
				A468D7761CC6549100CAB795 /* spark.png in Resources */,
				A468D7971CC667AA00CAB795 /* bombDrop.wav in Resources */,
				A468D77E1CC65F5900CAB795 /* BrokenPlatform.sks in Resources */,
				A468D7991CC667AA00CAB795 /* brick.caf in Resources */,
				A4390E481CC511E700EF571D /* CoinCross.sks in Resources */,
				A468D79D1CC667AA00CAB795 /* explosion1.wav in Resources */,
				A468D7A91CC6AAEE00CAB795 /* CoinSpecial.sks in Resources */,
				A468D7951CC667AA00CAB795 /* attribution.txt in Resources */,
				A468D7A31CC667AA00CAB795 /* player_die.wav in Resources */,
				A468D7941CC667AA00CAB795 /* alarm.wav in Resources */,
				A4390E1B1CC3D34500EF571D /* CoinArrow.sks in Resources */,
				A4390E021CC3C01100EF571D /* LaunchScreen.storyboard in Resources */,
				A468D7781CC6583100CAB795 /* SmokeTrail.sks in Resources */,
				A4390E381CC42D8F00EF571D /* CoinSArrow.sks in Resources */,
				A4390E401CC5106700EF571D /* BreakArrow.sks in Resources */,
				A468D77C1CC65D4B00CAB795 /* CollectSpecial.sks in Resources */,
				A468D79C1CC667AA00CAB795 /* DrownFireBug.mp3 in Resources */,
				A4390DFF1CC3C01100EF571D /* Assets.xcassets in Resources */,
				A4390E4C1CC511E700EF571D /* PlatformDiagonal.sks in Resources */,
				A4390E3A1CC42E4900EF571D /* PlatformArrow.sks in Resources */,
				A468D7A41CC667AA00CAB795 /* SpaceGame.caf in Resources */,
				A4390E3C1CC50E1000EF571D /* Coin5Across.sks in Resources */,
				A4390E3E1CC50ED700EF571D /* CoinS5Across.sks in Resources */,
				A468D7961CC667AA00CAB795 /* bgMusic.mp3 in Resources */,
				A4390E491CC511E700EF571D /* CoinDiagonal.sks in Resources */,
				A4390E361CC42B5800EF571D /* Break5Across.sks in Resources */,
				A4390DFD1CC3C01100EF571D /* Main.storyboard in Resources */,
				A468D7751CC6549100CAB795 /* Lava.sks in Resources */,
				A468D79A1CC667AA00CAB795 /* coin1.wav in Resources */,
			);
			runOnlyForDeploymentPostprocessing = 0;
		};
		A4390E061CC3C01100EF571D /* Resources */ = {
			isa = PBXResourcesBuildPhase;
			buildActionMask = 2147483647;
			files = (
			);
			runOnlyForDeploymentPostprocessing = 0;
		};
/* End PBXResourcesBuildPhase section */

/* Begin PBXSourcesBuildPhase section */
		A4390DEC1CC3C01100EF571D /* Sources */ = {
			isa = PBXSourcesBuildPhase;
			buildActionMask = 2147483647;
			files = (
				A4390DF81CC3C01100EF571D /* GameScene.swift in Sources */,
				A4390E2A1CC3D4D600EF571D /* CGPoint+Extensions.swift in Sources */,
				A4390E331CC3D4D600EF571D /* SKTTimingFunctions.swift in Sources */,
				A468D7641CC6194C00CAB795 /* GameOver.swift in Sources */,
				A468D76D1CC61E2300CAB795 /* Fall.swift in Sources */,
				A4390E541CC5822700EF571D /* WaitingForBomb.swift in Sources */,
				A4390E321CC3D4D600EF571D /* SKTEffects.swift in Sources */,
				A4390E2E1CC3D4D600EF571D /* SKAction+SpecialEffects.swift in Sources */,
				A4390E2B1CC3D4D600EF571D /* CGVector+Extensions.swift in Sources */,
				A468D7701CC61E2300CAB795 /* Lava.swift in Sources */,
				A468D76F1CC61E2300CAB795 /* Jump.swift in Sources */,
				A4390E4E1CC54FD700EF571D /* README.md in Sources */,
				A468D76C1CC61E2300CAB795 /* Dead.swift in Sources */,
				A4390E2D1CC3D4D600EF571D /* SKAction+Extensions.swift in Sources */,
				A4390E561CC6113F00EF571D /* Playing.swift in Sources */,
				A4390E2F1CC3D4D600EF571D /* SKColor+Extensions.swift in Sources */,
				A4390E521CC57CB900EF571D /* WaitingForTap.swift in Sources */,
				A4390DFA1CC3C01100EF571D /* GameViewController.swift in Sources */,
				A468D76E1CC61E2300CAB795 /* Idle.swift in Sources */,
				A4390E2C1CC3D4D600EF571D /* Int+Extensions.swift in Sources */,
				A4390E301CC3D4D600EF571D /* SKNode+Extensions.swift in Sources */,
				A4390E311CC3D4D600EF571D /* SKTAudio.swift in Sources */,
				A4390E291CC3D4D600EF571D /* CGFloat+Extensions.swift in Sources */,
				A4390E341CC3D4D600EF571D /* Vector3.swift in Sources */,
				A4390DF41CC3C01100EF571D /* AppDelegate.swift in Sources */,
			);
			runOnlyForDeploymentPostprocessing = 0;
		};
		A4390E041CC3C01100EF571D /* Sources */ = {
			isa = PBXSourcesBuildPhase;
			buildActionMask = 2147483647;
			files = (
				A4390E0D1CC3C01100EF571D /* DropChargeTests.swift in Sources */,
			);
			runOnlyForDeploymentPostprocessing = 0;
		};
/* End PBXSourcesBuildPhase section */

/* Begin PBXTargetDependency section */
		A4390E0A1CC3C01100EF571D /* PBXTargetDependency */ = {
			isa = PBXTargetDependency;
			target = A4390DEF1CC3C01100EF571D /* DropCharge */;
			targetProxy = A4390E091CC3C01100EF571D /* PBXContainerItemProxy */;
		};
/* End PBXTargetDependency section */

/* Begin PBXVariantGroup section */
		A4390DFB1CC3C01100EF571D /* Main.storyboard */ = {
			isa = PBXVariantGroup;
			children = (
				A4390DFC1CC3C01100EF571D /* Base */,
			);
			name = Main.storyboard;
			sourceTree = "<group>";
		};
		A4390E001CC3C01100EF571D /* LaunchScreen.storyboard */ = {
			isa = PBXVariantGroup;
			children = (
				A4390E011CC3C01100EF571D /* Base */,
			);
			name = LaunchScreen.storyboard;
			sourceTree = "<group>";
		};
/* End PBXVariantGroup section */

/* Begin XCBuildConfiguration section */
		A4390E0F1CC3C01100EF571D /* Debug */ = {
			isa = XCBuildConfiguration;
			buildSettings = {
				ALWAYS_SEARCH_USER_PATHS = NO;
				CLANG_ANALYZER_NONNULL = YES;
				CLANG_CXX_LANGUAGE_STANDARD = "gnu++0x";
				CLANG_CXX_LIBRARY = "libc++";
				CLANG_ENABLE_MODULES = YES;
				CLANG_ENABLE_OBJC_ARC = YES;
				CLANG_WARN_BOOL_CONVERSION = YES;
				CLANG_WARN_CONSTANT_CONVERSION = YES;
				CLANG_WARN_DIRECT_OBJC_ISA_USAGE = YES_ERROR;
				CLANG_WARN_EMPTY_BODY = YES;
				CLANG_WARN_ENUM_CONVERSION = YES;
				CLANG_WARN_INT_CONVERSION = YES;
				CLANG_WARN_OBJC_ROOT_CLASS = YES_ERROR;
				CLANG_WARN_UNREACHABLE_CODE = YES;
				CLANG_WARN__DUPLICATE_METHOD_MATCH = YES;
				"CODE_SIGN_IDENTITY[sdk=iphoneos*]" = "iPhone Developer";
				COPY_PHASE_STRIP = NO;
				DEBUG_INFORMATION_FORMAT = "dwarf-with-dsym";
				ENABLE_STRICT_OBJC_MSGSEND = YES;
				ENABLE_TESTABILITY = YES;
				GCC_C_LANGUAGE_STANDARD = gnu99;
				GCC_DYNAMIC_NO_PIC = NO;
				GCC_NO_COMMON_BLOCKS = YES;
				GCC_OPTIMIZATION_LEVEL = 0;
				GCC_PREPROCESSOR_DEFINITIONS = (
					"DEBUG=1",
					"$(inherited)",
				);
				GCC_WARN_64_TO_32_BIT_CONVERSION = YES;
				GCC_WARN_ABOUT_RETURN_TYPE = YES_ERROR;
				GCC_WARN_UNDECLARED_SELECTOR = YES;
				GCC_WARN_UNINITIALIZED_AUTOS = YES_AGGRESSIVE;
				GCC_WARN_UNUSED_FUNCTION = YES;
				GCC_WARN_UNUSED_VARIABLE = YES;
				IPHONEOS_DEPLOYMENT_TARGET = 9.3;
				MTL_ENABLE_DEBUG_INFO = YES;
				ONLY_ACTIVE_ARCH = YES;
				SDKROOT = iphoneos;
				SWIFT_OPTIMIZATION_LEVEL = "-Onone";
				TARGETED_DEVICE_FAMILY = "1,2";
			};
			name = Debug;
		};
		A4390E101CC3C01100EF571D /* Release */ = {
			isa = XCBuildConfiguration;
			buildSettings = {
				ALWAYS_SEARCH_USER_PATHS = NO;
				CLANG_ANALYZER_NONNULL = YES;
				CLANG_CXX_LANGUAGE_STANDARD = "gnu++0x";
				CLANG_CXX_LIBRARY = "libc++";
				CLANG_ENABLE_MODULES = YES;
				CLANG_ENABLE_OBJC_ARC = YES;
				CLANG_WARN_BOOL_CONVERSION = YES;
				CLANG_WARN_CONSTANT_CONVERSION = YES;
				CLANG_WARN_DIRECT_OBJC_ISA_USAGE = YES_ERROR;
				CLANG_WARN_EMPTY_BODY = YES;
				CLANG_WARN_ENUM_CONVERSION = YES;
				CLANG_WARN_INT_CONVERSION = YES;
				CLANG_WARN_OBJC_ROOT_CLASS = YES_ERROR;
				CLANG_WARN_UNREACHABLE_CODE = YES;
				CLANG_WARN__DUPLICATE_METHOD_MATCH = YES;
				"CODE_SIGN_IDENTITY[sdk=iphoneos*]" = "iPhone Developer";
				COPY_PHASE_STRIP = NO;
				DEBUG_INFORMATION_FORMAT = "dwarf-with-dsym";
				ENABLE_NS_ASSERTIONS = NO;
				ENABLE_STRICT_OBJC_MSGSEND = YES;
				GCC_C_LANGUAGE_STANDARD = gnu99;
				GCC_NO_COMMON_BLOCKS = YES;
				GCC_WARN_64_TO_32_BIT_CONVERSION = YES;
				GCC_WARN_ABOUT_RETURN_TYPE = YES_ERROR;
				GCC_WARN_UNDECLARED_SELECTOR = YES;
				GCC_WARN_UNINITIALIZED_AUTOS = YES_AGGRESSIVE;
				GCC_WARN_UNUSED_FUNCTION = YES;
				GCC_WARN_UNUSED_VARIABLE = YES;
				IPHONEOS_DEPLOYMENT_TARGET = 9.3;
				MTL_ENABLE_DEBUG_INFO = NO;
				SDKROOT = iphoneos;
				TARGETED_DEVICE_FAMILY = "1,2";
				VALIDATE_PRODUCT = YES;
			};
			name = Release;
		};
		A4390E121CC3C01100EF571D /* Debug */ = {
			isa = XCBuildConfiguration;
			buildSettings = {
				ASSETCATALOG_COMPILER_APPICON_NAME = AppIcon;
				INFOPLIST_FILE = DropCharge/Info.plist;
				LD_RUNPATH_SEARCH_PATHS = "$(inherited) @executable_path/Frameworks";
				PRODUCT_BUNDLE_IDENTIFIER = nl.reactivity.DropCharge;
				PRODUCT_NAME = "$(TARGET_NAME)";
			};
			name = Debug;
		};
		A4390E131CC3C01100EF571D /* Release */ = {
			isa = XCBuildConfiguration;
			buildSettings = {
				ASSETCATALOG_COMPILER_APPICON_NAME = AppIcon;
				INFOPLIST_FILE = DropCharge/Info.plist;
				LD_RUNPATH_SEARCH_PATHS = "$(inherited) @executable_path/Frameworks";
				PRODUCT_BUNDLE_IDENTIFIER = nl.reactivity.DropCharge;
				PRODUCT_NAME = "$(TARGET_NAME)";
			};
			name = Release;
		};
		A4390E151CC3C01100EF571D /* Debug */ = {
			isa = XCBuildConfiguration;
			buildSettings = {
				BUNDLE_LOADER = "$(TEST_HOST)";
				DEBUG_INFORMATION_FORMAT = dwarf;
				INFOPLIST_FILE = DropChargeTests/Info.plist;
				LD_RUNPATH_SEARCH_PATHS = "$(inherited) @executable_path/Frameworks @loader_path/Frameworks";
				PRODUCT_BUNDLE_IDENTIFIER = nl.reactivity.DropChargeTests;
				PRODUCT_NAME = "$(TARGET_NAME)";
				TEST_HOST = "$(BUILT_PRODUCTS_DIR)/DropCharge.app/DropCharge";
			};
			name = Debug;
		};
		A4390E161CC3C01100EF571D /* Release */ = {
			isa = XCBuildConfiguration;
			buildSettings = {
				BUNDLE_LOADER = "$(TEST_HOST)";
				INFOPLIST_FILE = DropChargeTests/Info.plist;
				LD_RUNPATH_SEARCH_PATHS = "$(inherited) @executable_path/Frameworks @loader_path/Frameworks";
				PRODUCT_BUNDLE_IDENTIFIER = nl.reactivity.DropChargeTests;
				PRODUCT_NAME = "$(TARGET_NAME)";
				TEST_HOST = "$(BUILT_PRODUCTS_DIR)/DropCharge.app/DropCharge";
			};
			name = Release;
		};
/* End XCBuildConfiguration section */

/* Begin XCConfigurationList section */
		A4390DEB1CC3C01100EF571D /* Build configuration list for PBXProject "DropCharge" */ = {
			isa = XCConfigurationList;
			buildConfigurations = (
				A4390E0F1CC3C01100EF571D /* Debug */,
				A4390E101CC3C01100EF571D /* Release */,
			);
			defaultConfigurationIsVisible = 0;
			defaultConfigurationName = Release;
		};
		A4390E111CC3C01100EF571D /* Build configuration list for PBXNativeTarget "DropCharge" */ = {
			isa = XCConfigurationList;
			buildConfigurations = (
				A4390E121CC3C01100EF571D /* Debug */,
				A4390E131CC3C01100EF571D /* Release */,
			);
			defaultConfigurationIsVisible = 0;
			defaultConfigurationName = Release;
		};
		A4390E141CC3C01100EF571D /* Build configuration list for PBXNativeTarget "DropChargeTests" */ = {
			isa = XCConfigurationList;
			buildConfigurations = (
				A4390E151CC3C01100EF571D /* Debug */,
				A4390E161CC3C01100EF571D /* Release */,
			);
			defaultConfigurationIsVisible = 0;
			defaultConfigurationName = Release;
		};
/* End XCConfigurationList section */
	};
	rootObject = A4390DE81CC3C01100EF571D /* Project object */;
}
